{
  "name": "lightnovel-crawler",
  "lockfileVersion": 3,
  "requires": true,
  "packages": {
    "": {
      "dependencies": {
        "@fontsource/arbutus-slab": "^5.2.6",
        "rc-virtual-list": "^3.18.6"
      }
    },
    "node_modules/@babel/runtime": {
      "version": "7.27.6",
      "resolved": "https://registry.npmjs.org/@babel/runtime/-/runtime-7.27.6.tgz",
      "integrity": "sha512-vbavdySgbTTrmFE+EsiqUTzlOr5bzlnJtUv9PynGCAKvfQqjIXbvFdumPM/GxMDfyuGMJaJAU6TO4zc1Jf1i8Q==",
      "license": "MIT",
      "engines": {
        "node": ">=6.9.0"
      }
    },
    "node_modules/@fontsource/arbutus-slab": {
      "version": "5.2.6",
      "resolved": "https://registry.npmjs.org/@fontsource/arbutus-slab/-/arbutus-slab-5.2.6.tgz",
      "integrity": "sha512-jN+ig/Yzmln+/rfIO/sR5bW93FdU8Iy1GmQ7fXaTL5JFxUeGIHeN/5OYKW9JjCbcINh78Yav7H0H7VPS+tX2tA==",
      "funding": {
        "url": "https://github.com/sponsors/ayuhito"
      }
    },
    "node_modules/classnames": {
      "version": "2.5.1",
      "resolved": "https://registry.npmjs.org/classnames/-/classnames-2.5.1.tgz",
      "integrity": "sha512-saHYOzhIQs6wy2sVxTM6bUDsQO4F50V9RQ22qBpEdCW+I+/Wmke2HOl6lS6dTpdxVhb88/I6+Hs+438c3lfUow==",
      "license": "MIT"
    },
    "node_modules/rc-resize-observer": {
      "version": "1.4.3",
      "resolved": "https://registry.npmjs.org/rc-resize-observer/-/rc-resize-observer-1.4.3.tgz",
      "integrity": "sha512-YZLjUbyIWox8E9i9C3Tm7ia+W7euPItNWSPX5sCcQTYbnwDb5uNpnLHQCG1f22oZWUhLw4Mv2tFmeWe68CDQRQ==",
      "license": "MIT",
      "dependencies": {
        "@babel/runtime": "^7.20.7",
        "classnames": "^2.2.1",
        "rc-util": "^5.44.1",
        "resize-observer-polyfill": "^1.5.1"
      },
      "peerDependencies": {
        "react": ">=16.9.0",
        "react-dom": ">=16.9.0"
      }
    },
    "node_modules/rc-util": {
      "version": "5.44.4",
      "resolved": "https://registry.npmjs.org/rc-util/-/rc-util-5.44.4.tgz",
      "integrity": "sha512-resueRJzmHG9Q6rI/DfK6Kdv9/Lfls05vzMs1Sk3M2P+3cJa+MakaZyWY8IPfehVuhPJFKrIY1IK4GqbiaiY5w==",
      "license": "MIT",
      "dependencies": {
        "@babel/runtime": "^7.18.3",
        "react-is": "^18.2.0"
      },
      "peerDependencies": {
        "react": ">=16.9.0",
        "react-dom": ">=16.9.0"
      }
    },
    "node_modules/rc-virtual-list": {
      "version": "3.18.6",
      "resolved": "https://registry.npmjs.org/rc-virtual-list/-/rc-virtual-list-3.18.6.tgz",
      "integrity": "sha512-TQ5SsutL3McvWmmxqQtMIbfeoE3dGjJrRSfKekgby7WQMpPIFvv4ghytp5Z0s3D8Nik9i9YNOCqHBfk86AwgAA==",
      "license": "MIT",
      "dependencies": {
        "@babel/runtime": "^7.20.0",
        "classnames": "^2.2.6",
        "rc-resize-observer": "^1.0.0",
        "rc-util": "^5.36.0"
      },
      "engines": {
        "node": ">=8.x"
      },
      "peerDependencies": {
        "react": ">=16.9.0",
        "react-dom": ">=16.9.0"
      }
    },
    "node_modules/react": {
      "version": "19.1.0",
      "resolved": "https://registry.npmjs.org/react/-/react-19.1.0.tgz",
      "integrity": "sha512-FS+XFBNvn3GTAWq26joslQgWNoFu08F4kl0J4CgdNKADkdSGXQyTCnKteIAJy96Br6YbpEU1LSzV5dYtjMkMDg==",
      "peer": true,
      "engines": {
        "node": ">=0.10.0"
      }
    },
    "node_modules/react-dom": {
      "version": "19.1.0",
      "resolved": "https://registry.npmjs.org/react-dom/-/react-dom-19.1.0.tgz",
      "integrity": "sha512-Xs1hdnE+DyKgeHJeJznQmYMIBG3TKIHJJT95Q58nHLSrElKlGQqDTR2HQ9fx5CN/Gk6Vh/kupBTDLU11/nDk/g==",
      "peer": true,
      "dependencies": {
        "scheduler": "^0.26.0"
      },
      "peerDependencies": {
        "react": "^19.1.0"
      }
    },
    "node_modules/react-is": {
      "version": "18.3.1",
      "resolved": "https://registry.npmjs.org/react-is/-/react-is-18.3.1.tgz",
      "integrity": "sha512-/LLMVyas0ljjAtoYiPqYiL8VWXzUUdThrmU5+n20DZv+a+ClRoevUzw5JxU+Ieh5/c87ytoTBV9G1FiKfNJdmg==",
      "license": "MIT"
    },
    "node_modules/resize-observer-polyfill": {
      "version": "1.5.1",
      "resolved": "https://registry.npmjs.org/resize-observer-polyfill/-/resize-observer-polyfill-1.5.1.tgz",
      "integrity": "sha512-LwZrotdHOo12nQuZlHEmtuXdqGoOD0OhaxopaNFxWzInpEgaLWoVuAMbTzixuosCx2nEG58ngzW3vxdWoxIgdg==",
      "license": "MIT"
    },
    "node_modules/scheduler": {
      "version": "0.26.0",
      "resolved": "https://registry.npmjs.org/scheduler/-/scheduler-0.26.0.tgz",
      "integrity": "sha512-NlHwttCI/l5gCPR3D1nNXtWABUmBwvZpEQiD4IXSbIDq8BzLIK/7Ir5gTFSGZDUu37K5cMNp0hFtzO38sC7gWA==",
      "peer": true
    }
  }
}
